{
  "nodes": {
    "flake-parts": {
      "inputs": {
        "nixpkgs": [
          "nixpkgs"
        ]
      },
      "locked": {
        "lastModified": 1661009076,
        "narHash": "sha256-phAE40gctVygRq3G3B6LhvD7u2qdQT21xsz8DdRDYFo=",
        "owner": "hercules-ci",
        "repo": "flake-parts",
        "rev": "850d8a76026127ef02f040fb0dcfdb8b749dd9d9",
        "type": "github"
      },
      "original": {
        "id": "flake-parts",
        "type": "indirect"
      }
    },
    "nixpkgs": {
      "locked": {
        "lastModified": 1661328374,
        "narHash": "sha256-GGMupfk/lGzPBQ/dRrcQEhiFZ0F5KPg0j5Q4Fb5coxc=",
        "owner": "NixOS",
        "repo": "nixpkgs",
        "rev": "f034b5693a26625f56068af983ed7727a60b5f8b",
        "type": "github"
      },
      "original": {
        "owner": "NixOS",
        "ref": "nixos-unstable",
        "repo": "nixpkgs",
        "type": "github"
      }
    },
    "root": {
      "inputs": {
        "flake-parts": "flake-parts",
        "nixpkgs": "nixpkgs",
        "treefmt-flake": "treefmt-flake"
      }
    },
    "treefmt-flake": {
      "locked": {
        "lastModified": 1660850981,
        "narHash": "sha256-Y2rt0W0ZnfVgH5mnuAkU/5gJGSbjk5NbAwcuLDONHgI=",
        "owner": "srid",
        "repo": "treefmt-flake",
        "rev": "49306df9084ffbd73102e6002241e1f14812f0fe",
        "type": "github"
      },
      "original": {
        "owner": "srid",
        "repo": "treefmt-flake",
        "type": "github"
      }
    }
  },
  "root": "root",
  "version": 7
}
